# This file is autogenerated, do not edit; changes may be undone by the next 'dep ensure'.


[[projects]]
  digest = "1:13ca90c17f10b45dc89a6ce097f7e572cd28dfc713f75fd6005f75828e1a7715"
  name = "github.com/epiphyte/goutils"
  packages = [
    "config",
    "logger",
    "opsys",
    "sockets"
  ]
  pruneopts = "NUT"
  revision = "c1257852128d813aceac4882e7f959d2f40b11b6"
  version = "v2.0.0"

[solve-meta]
  analyzer-name = "dep"
  analyzer-version = 1
  input-imports = [
    "github.com/epiphyte/goutils/config",
    "github.com/epiphyte/goutils/logger",
    "github.com/epiphyte/goutils/sockets"
  ]
  solver-name = "gps-cdcl"
  solver-version = 1
